
Microsoft Visual Studio Solution File, Format Version 12.00
# Visual Studio Version 17
VisualStudioVersion = 17.3.32819.101
MinimumVisualStudioVersion = 10.0.40219.1
Project("{8BC9CEB8-8B4A-11D0-8D11-00A0C91BC942}") = "Source2GoldSource", "Source2GoldSource\Source2GoldSource.vcxproj", "{1D11CA65-08A7-43C0-8F99-4B08903AB873}"
EndProject
Project("{8BC9CEB8-8B4A-11D0-8D11-00A0C91BC942}") = "map", "map\map.vcxproj", "{4879F131-CD0A-4171-99AE-18C9F0889701}"
EndProject
Project("{8BC9CEB8-8B4A-11D0-8D11-00A0C91BC942}") = "bsp", "BSPSource\BSPSource.vcxproj", "{AA6A0D73-6A7B-47D7-A9B0-1A9B1858ED46}"
EndProject
Project("{8BC9CEB8-8B4A-11D0-8D11-00A0C91BC942}") = "SMD", "SMD\SMD.vcxproj", "{6E950290-7BBC-4573-AA2B-C3BF7E5D5B27}"
EndProject
Project("{8BC9CEB8-8B4A-11D0-8D11-00A0C91BC942}") = "MDL", "MDL\MDL.vcxproj", "{AEC0C505-B455-4E2E-9A42-83F93C9BE49B}"
EndProject
Project("{8BC9CEB8-8B4A-11D0-8D11-00A0C91BC942}") = "VTF2BMP", "VTF2BMP\VTF2BMP.vcxproj", "{185719FE-9695-4349-A0CD-279867AB0145}"
EndProject
Project("{8BC9CEB8-8B4A-11D0-8D11-00A0C91BC942}") = "VPK", "VPK\VPK.vcxproj", "{BF210A7C-C224-4BD4-B7AA-C69B9B2AC1B7}"
EndProject
Project("{8BC9CEB8-8B4A-11D0-8D11-00A0C91BC942}") = "MDLGoldSource", "MDLGoldSource\MDLGoldSource.vcxproj", "{1A74FEC0-49FE-4625-B285-EED22B30A9F8}"
EndProject
Global
	GlobalSection(SolutionConfigurationPlatforms) = preSolution
		Debug|x64 = Debug|x64
		Debug|x86 = Debug|x86
		Release|x64 = Release|x64
		Release|x86 = Release|x86
	EndGlobalSection
	GlobalSection(ProjectConfigurationPlatforms) = postSolution
		{1D11CA65-08A7-43C0-8F99-4B08903AB873}.Debug|x64.ActiveCfg = Debug|x64
		{1D11CA65-08A7-43C0-8F99-4B08903AB873}.Debug|x64.Build.0 = Debug|x64
		{1D11CA65-08A7-43C0-8F99-4B08903AB873}.Debug|x86.ActiveCfg = Debug|Win32
		{1D11CA65-08A7-43C0-8F99-4B08903AB873}.Debug|x86.Build.0 = Debug|Win32
		{1D11CA65-08A7-43C0-8F99-4B08903AB873}.Release|x64.ActiveCfg = Release|x64
		{1D11CA65-08A7-43C0-8F99-4B08903AB873}.Release|x64.Build.0 = Release|x64
		{1D11CA65-08A7-43C0-8F99-4B08903AB873}.Release|x86.ActiveCfg = Release|Win32
		{1D11CA65-08A7-43C0-8F99-4B08903AB873}.Release|x86.Build.0 = Release|Win32
		{4879F131-CD0A-4171-99AE-18C9F0889701}.Debug|x64.ActiveCfg = Debug|x64
		{4879F131-CD0A-4171-99AE-18C9F0889701}.Debug|x64.Build.0 = Debug|x64
		{4879F131-CD0A-4171-99AE-18C9F0889701}.Debug|x86.ActiveCfg = Debug|Win32
		{4879F131-CD0A-4171-99AE-18C9F0889701}.Debug|x86.Build.0 = Debug|Win32
		{4879F131-CD0A-4171-99AE-18C9F0889701}.Release|x64.ActiveCfg = Release|x64
		{4879F131-CD0A-4171-99AE-18C9F0889701}.Release|x64.Build.0 = Release|x64
		{4879F131-CD0A-4171-99AE-18C9F0889701}.Release|x86.ActiveCfg = Release|Win32
		{4879F131-CD0A-4171-99AE-18C9F0889701}.Release|x86.Build.0 = Release|Win32
		{AA6A0D73-6A7B-47D7-A9B0-1A9B1858ED46}.Debug|x64.ActiveCfg = Debug|x64
		{AA6A0D73-6A7B-47D7-A9B0-1A9B1858ED46}.Debug|x64.Build.0 = Debug|x64
		{AA6A0D73-6A7B-47D7-A9B0-1A9B1858ED46}.Debug|x86.ActiveCfg = Debug|Win32
		{AA6A0D73-6A7B-47D7-A9B0-1A9B1858ED46}.Debug|x86.Build.0 = Debug|Win32
		{AA6A0D73-6A7B-47D7-A9B0-1A9B1858ED46}.Release|x64.ActiveCfg = Release|x64
		{AA6A0D73-6A7B-47D7-A9B0-1A9B1858ED46}.Release|x64.Build.0 = Release|x64
		{AA6A0D73-6A7B-47D7-A9B0-1A9B1858ED46}.Release|x86.ActiveCfg = Release|Win32
		{AA6A0D73-6A7B-47D7-A9B0-1A9B1858ED46}.Release|x86.Build.0 = Release|Win32
		{6E950290-7BBC-4573-AA2B-C3BF7E5D5B27}.Debug|x64.ActiveCfg = Debug|x64
		{6E950290-7BBC-4573-AA2B-C3BF7E5D5B27}.Debug|x64.Build.0 = Debug|x64
		{6E950290-7BBC-4573-AA2B-C3BF7E5D5B27}.Debug|x86.ActiveCfg = Debug|Win32
		{6E950290-7BBC-4573-AA2B-C3BF7E5D5B27}.Debug|x86.Build.0 = Debug|Win32
		{6E950290-7BBC-4573-AA2B-C3BF7E5D5B27}.Release|x64.ActiveCfg = Release|x64
		{6E950290-7BBC-4573-AA2B-C3BF7E5D5B27}.Release|x64.Build.0 = Release|x64
		{6E950290-7BBC-4573-AA2B-C3BF7E5D5B27}.Release|x86.ActiveCfg = Release|Win32
		{6E950290-7BBC-4573-AA2B-C3BF7E5D5B27}.Release|x86.Build.0 = Release|Win32
		{AEC0C505-B455-4E2E-9A42-83F93C9BE49B}.Debug|x64.ActiveCfg = Debug|x64
		{AEC0C505-B455-4E2E-9A42-83F93C9BE49B}.Debug|x64.Build.0 = Debug|x64
		{AEC0C505-B455-4E2E-9A42-83F93C9BE49B}.Debug|x86.ActiveCfg = Debug|Win32
		{AEC0C505-B455-4E2E-9A42-83F93C9BE49B}.Debug|x86.Build.0 = Debug|Win32
		{AEC0C505-B455-4E2E-9A42-83F93C9BE49B}.Release|x64.ActiveCfg = Release|x64
		{AEC0C505-B455-4E2E-9A42-83F93C9BE49B}.Release|x64.Build.0 = Release|x64
		{AEC0C505-B455-4E2E-9A42-83F93C9BE49B}.Release|x86.ActiveCfg = Release|Win32
		{AEC0C505-B455-4E2E-9A42-83F93C9BE49B}.Release|x86.Build.0 = Release|Win32
		{185719FE-9695-4349-A0CD-279867AB0145}.Debug|x64.ActiveCfg = Debug|x64
		{185719FE-9695-4349-A0CD-279867AB0145}.Debug|x64.Build.0 = Debug|x64
		{185719FE-9695-4349-A0CD-279867AB0145}.Debug|x86.ActiveCfg = Debug|Win32
		{185719FE-9695-4349-A0CD-279867AB0145}.Debug|x86.Build.0 = Debug|Win32
		{185719FE-9695-4349-A0CD-279867AB0145}.Release|x64.ActiveCfg = Release|x64
		{185719FE-9695-4349-A0CD-279867AB0145}.Release|x64.Build.0 = Release|x64
		{185719FE-9695-4349-A0CD-279867AB0145}.Release|x86.ActiveCfg = Release|Win32
		{185719FE-9695-4349-A0CD-279867AB0145}.Release|x86.Build.0 = Release|Win32
		{BF210A7C-C224-4BD4-B7AA-C69B9B2AC1B7}.Debug|x64.ActiveCfg = Debug|x64
		{BF210A7C-C224-4BD4-B7AA-C69B9B2AC1B7}.Debug|x64.Build.0 = Debug|x64
		{BF210A7C-C224-4BD4-B7AA-C69B9B2AC1B7}.Debug|x86.ActiveCfg = Debug|Win32
		{BF210A7C-C224-4BD4-B7AA-C69B9B2AC1B7}.Debug|x86.Build.0 = Debug|Win32
		{BF210A7C-C224-4BD4-B7AA-C69B9B2AC1B7}.Release|x64.ActiveCfg = Release|x64
		{BF210A7C-C224-4BD4-B7AA-C69B9B2AC1B7}.Release|x64.Build.0 = Release|x64
		{BF210A7C-C224-4BD4-B7AA-C69B9B2AC1B7}.Release|x86.ActiveCfg = Release|Win32
		{BF210A7C-C224-4BD4-B7AA-C69B9B2AC1B7}.Release|x86.Build.0 = Release|Win32
		{1A74FEC0-49FE-4625-B285-EED22B30A9F8}.Debug|x64.ActiveCfg = Debug|x64
		{1A74FEC0-49FE-4625-B285-EED22B30A9F8}.Debug|x64.Build.0 = Debug|x64
		{1A74FEC0-49FE-4625-B285-EED22B30A9F8}.Debug|x86.ActiveCfg = Debug|Win32
		{1A74FEC0-49FE-4625-B285-EED22B30A9F8}.Debug|x86.Build.0 = Debug|Win32
		{1A74FEC0-49FE-4625-B285-EED22B30A9F8}.Release|x64.ActiveCfg = Release|x64
		{1A74FEC0-49FE-4625-B285-EED22B30A9F8}.Release|x64.Build.0 = Release|x64
		{1A74FEC0-49FE-4625-B285-EED22B30A9F8}.Release|x86.ActiveCfg = Release|Win32
		{1A74FEC0-49FE-4625-B285-EED22B30A9F8}.Release|x86.Build.0 = Release|Win32
	EndGlobalSection
	GlobalSection(SolutionProperties) = preSolution
		HideSolutionNode = FALSE
	EndGlobalSection
	GlobalSection(ExtensibilityGlobals) = postSolution
		SolutionGuid = {7BCBEC38-AEC2-475F-839B-3FAF58FA9873}
	EndGlobalSection
EndGlobal
